
Microsoft Visual Studio Solution File, Format Version 12.00
# Visual Studio Version 17
VisualStudioVersion = 17.5.33627.172
MinimumVisualStudioVersion = 10.0.40219.1
Project("{FAE04EC0-301F-11D3-BF4B-00C04F79EFBC}") = "MetodosExtension03", "MetodosExtension03\MetodosExtension03.csproj", "{D0F9DCAA-767E-4A64-B876-6D7A63CDCC9F}"
EndProject
Global
	GlobalSection(SolutionConfigurationPlatforms) = preSolution
		Debug|Any CPU = Debug|Any CPU
		Release|Any CPU = Release|Any CPU
	EndGlobalSection
	GlobalSection(ProjectConfigurationPlatforms) = postSolution
		{D0F9DCAA-767E-4A64-B876-6D7A63CDCC9F}.Debug|Any CPU.ActiveCfg = Debug|Any CPU
		{D0F9DCAA-767E-4A64-B876-6D7A63CDCC9F}.Debug|Any CPU.Build.0 = Debug|Any CPU
		{D0F9DCAA-767E-4A64-B876-6D7A63CDCC9F}.Release|Any CPU.ActiveCfg = Release|Any CPU
		{D0F9DCAA-767E-4A64-B876-6D7A63CDCC9F}.Release|Any CPU.Build.0 = Release|Any CPU
	EndGlobalSection
	GlobalSection(SolutionProperties) = preSolution
		HideSolutionNode = FALSE
	EndGlobalSection
	GlobalSection(ExtensibilityGlobals) = postSolution
		SolutionGuid = {45F1BEAC-530A-4D34-8431-423538666B10}
	EndGlobalSection
EndGlobal
